// !$*UTF8*$!
{
	archiveVersion = 1;
	classes = {
	};
	objectVersion = 45;
	objects = {

/* Begin PBXBuildFile section */
		135994611051581000D64F58 /* alphafilter.c in Sources */ = {isa = PBXBuildFile; fileRef = 1359945B1051581000D64F58 /* alphafilter.c */; };
		135994621051581000D64F58 /* client.c in Sources */ = {isa = PBXBuildFile; fileRef = 1359945C1051581000D64F58 /* client.c */; };
		135994631051581000D64F58 /* evil.c in Sources */ = {isa = PBXBuildFile; fileRef = 1359945F1051581000D64F58 /* evil.c */; };
		135994641051581000D64F58 /* filter_skeleton.c in Sources */ = {isa = PBXBuildFile; fileRef = 135994601051581000D64F58 /* filter_skeleton.c */; };
		136B24181094696A004EAA06 /* association_relay_alpha_m.c in Sources */ = {isa = PBXBuildFile; fileRef = 136B24171094696A004EAA06 /* association_relay_alpha_m.c */; };
		136B241B10946978004EAA06 /* association_relay_alpha_c.c in Sources */ = {isa = PBXBuildFile; fileRef = 136B241A10946978004EAA06 /* association_relay_alpha_c.c */; };
		136B242010946B41004EAA06 /* association_relay_alpha_z.c in Sources */ = {isa = PBXBuildFile; fileRef = 136B241F10946B41004EAA06 /* association_relay_alpha_z.c */; };
		13A2E064109463AB00090AA9 /* association_relay.c in Sources */ = {isa = PBXBuildFile; fileRef = 13A2E062109463AB00090AA9 /* association_relay.c */; };
		13A2E069109464B800090AA9 /* association_relay_alpha_n.c in Sources */ = {isa = PBXBuildFile; fileRef = 13A2E068109464B800090AA9 /* association_relay_alpha_n.c */; };
		8DD76F6A0486A84900D96B5E /* alphafilter.1 in CopyFiles */ = {isa = PBXBuildFile; fileRef = C6859E8B029090EE04C91782 /* alphafilter.1 */; };
/* End PBXBuildFile section */

/* Begin PBXCopyFilesBuildPhase section */
		8DD76F690486A84900D96B5E /* CopyFiles */ = {
			isa = PBXCopyFilesBuildPhase;
			buildActionMask = 8;
			dstPath = /usr/share/man/man1/;
			dstSubfolderSpec = 0;
			files = (
				8DD76F6A0486A84900D96B5E /* alphafilter.1 in CopyFiles */,
			);
			runOnlyForDeploymentPostprocessing = 1;
		};
/* End PBXCopyFilesBuildPhase section */

/* Begin PBXFileReference section */
		1359945B1051581000D64F58 /* alphafilter.c */ = {isa = PBXFileReference; fileEncoding = 4; lastKnownFileType = sourcecode.c.c; path = alphafilter.c; sourceTree = "<group>"; };
		1359945C1051581000D64F58 /* client.c */ = {isa = PBXFileReference; fileEncoding = 4; lastKnownFileType = sourcecode.c.c; path = client.c; sourceTree = "<group>"; };
		1359945D1051581000D64F58 /* client.h */ = {isa = PBXFileReference; fileEncoding = 4; lastKnownFileType = sourcecode.c.h; path = client.h; sourceTree = "<group>"; };
		1359945E1051581000D64F58 /* defines.h */ = {isa = PBXFileReference; fileEncoding = 4; lastKnownFileType = sourcecode.c.h; path = defines.h; sourceTree = "<group>"; };
		1359945F1051581000D64F58 /* evil.c */ = {isa = PBXFileReference; fileEncoding = 4; lastKnownFileType = sourcecode.c.c; path = evil.c; sourceTree = "<group>"; };
		135994601051581000D64F58 /* filter_skeleton.c */ = {isa = PBXFileReference; fileEncoding = 4; lastKnownFileType = sourcecode.c.c; path = filter_skeleton.c; sourceTree = "<group>"; };
		136B24161094696A004EAA06 /* association_relay_alpha_m.h */ = {isa = PBXFileReference; fileEncoding = 4; lastKnownFileType = sourcecode.c.h; path = association_relay_alpha_m.h; sourceTree = "<group>"; };
		136B24171094696A004EAA06 /* association_relay_alpha_m.c */ = {isa = PBXFileReference; fileEncoding = 4; lastKnownFileType = sourcecode.c.c; path = association_relay_alpha_m.c; sourceTree = "<group>"; };
		136B241910946978004EAA06 /* association_relay_alpha_c.h */ = {isa = PBXFileReference; fileEncoding = 4; lastKnownFileType = sourcecode.c.h; path = association_relay_alpha_c.h; sourceTree = "<group>"; };
		136B241A10946978004EAA06 /* association_relay_alpha_c.c */ = {isa = PBXFileReference; fileEncoding = 4; lastKnownFileType = sourcecode.c.c; path = association_relay_alpha_c.c; sourceTree = "<group>"; };
		136B241E10946B41004EAA06 /* association_relay_alpha_z.h */ = {isa = PBXFileReference; fileEncoding = 4; lastKnownFileType = sourcecode.c.h; path = association_relay_alpha_z.h; sourceTree = "<group>"; };
		136B241F10946B41004EAA06 /* association_relay_alpha_z.c */ = {isa = PBXFileReference; fileEncoding = 4; lastKnownFileType = sourcecode.c.c; path = association_relay_alpha_z.c; sourceTree = "<group>"; };
		13A2E062109463AB00090AA9 /* association_relay.c */ = {isa = PBXFileReference; fileEncoding = 4; lastKnownFileType = sourcecode.c.c; path = association_relay.c; sourceTree = "<group>"; };
		13A2E063109463AB00090AA9 /* association_relay.h */ = {isa = PBXFileReference; fileEncoding = 4; lastKnownFileType = sourcecode.c.h; path = association_relay.h; sourceTree = "<group>"; };
		13A2E067109464B800090AA9 /* association_relay_alpha_n.h */ = {isa = PBXFileReference; fileEncoding = 4; lastKnownFileType = sourcecode.c.h; path = association_relay_alpha_n.h; sourceTree = "<group>"; };
		13A2E068109464B800090AA9 /* association_relay_alpha_n.c */ = {isa = PBXFileReference; fileEncoding = 4; lastKnownFileType = sourcecode.c.c; path = association_relay_alpha_n.c; sourceTree = "<group>"; };
		8DD76F6C0486A84900D96B5E /* alphafilter */ = {isa = PBXFileReference; explicitFileType = "compiled.mach-o.executable"; includeInIndex = 0; path = alphafilter; sourceTree = BUILT_PRODUCTS_DIR; };
		C6859E8B029090EE04C91782 /* alphafilter.1 */ = {isa = PBXFileReference; lastKnownFileType = text.man; path = alphafilter.1; sourceTree = "<group>"; };
/* End PBXFileReference section */

/* Begin PBXFrameworksBuildPhase section */
		8DD76F660486A84900D96B5E /* Frameworks */ = {
			isa = PBXFrameworksBuildPhase;
			buildActionMask = 2147483647;
			files = (
			);
			runOnlyForDeploymentPostprocessing = 0;
		};
/* End PBXFrameworksBuildPhase section */

/* Begin PBXGroup section */
		08FB7794FE84155DC02AAC07 /* alphafilter */ = {
			isa = PBXGroup;
			children = (
				08FB7795FE84155DC02AAC07 /* Source */,
				C6859E8C029090F304C91782 /* Documentation */,
				1AB674ADFE9D54B511CA2CBB /* Products */,
			);
			name = alphafilter;
			sourceTree = "<group>";
		};
		08FB7795FE84155DC02AAC07 /* Source */ = {
			isa = PBXGroup;
			children = (
				1359945B1051581000D64F58 /* alphafilter.c */,
				13A2E062109463AB00090AA9 /* association_relay.c */,
				13A2E063109463AB00090AA9 /* association_relay.h */,
				136B241A10946978004EAA06 /* association_relay_alpha_c.c */,
				136B241910946978004EAA06 /* association_relay_alpha_c.h */,
				136B24171094696A004EAA06 /* association_relay_alpha_m.c */,
				136B24161094696A004EAA06 /* association_relay_alpha_m.h */,
				13A2E068109464B800090AA9 /* association_relay_alpha_n.c */,
				13A2E067109464B800090AA9 /* association_relay_alpha_n.h */,
				1359945C1051581000D64F58 /* client.c */,
				1359945D1051581000D64F58 /* client.h */,
				1359945E1051581000D64F58 /* defines.h */,
				1359945F1051581000D64F58 /* evil.c */,
				135994601051581000D64F58 /* filter_skeleton.c */,
				136B241E10946B41004EAA06 /* association_relay_alpha_z.h */,
				136B241F10946B41004EAA06 /* association_relay_alpha_z.c */,
			);
			name = Source;
			sourceTree = "<group>";
		};
		1AB674ADFE9D54B511CA2CBB /* Products */ = {
			isa = PBXGroup;
			children = (
				8DD76F6C0486A84900D96B5E /* alphafilter */,
			);
			name = Products;
			sourceTree = "<group>";
		};
		C6859E8C029090F304C91782 /* Documentation */ = {
			isa = PBXGroup;
			children = (
				C6859E8B029090EE04C91782 /* alphafilter.1 */,
			);
			name = Documentation;
			sourceTree = "<group>";
		};
/* End PBXGroup section */

/* Begin PBXNativeTarget section */
		8DD76F620486A84900D96B5E /* alphafilter */ = {
			isa = PBXNativeTarget;
			buildConfigurationList = 1DEB923108733DC60010E9CD /* Build configuration list for PBXNativeTarget "alphafilter" */;
			buildPhases = (
				8DD76F640486A84900D96B5E /* Sources */,
				8DD76F660486A84900D96B5E /* Frameworks */,
				8DD76F690486A84900D96B5E /* CopyFiles */,
			);
			buildRules = (
			);
			dependencies = (
			);
			name = alphafilter;
			productInstallPath = "$(HOME)/bin";
			productName = alphafilter;
			productReference = 8DD76F6C0486A84900D96B5E /* alphafilter */;
			productType = "com.apple.product-type.tool";
		};
/* End PBXNativeTarget section */

/* Begin PBXProject section */
		08FB7793FE84155DC02AAC07 /* Project object */ = {
			isa = PBXProject;
			buildConfigurationList = 1DEB923508733DC60010E9CD /* Build configuration list for PBXProject "alphafilter" */;
			compatibilityVersion = "Xcode 3.1";
			hasScannedForEncodings = 1;
			mainGroup = 08FB7794FE84155DC02AAC07 /* alphafilter */;
			projectDirPath = "";
			projectRoot = "";
			targets = (
				8DD76F620486A84900D96B5E /* alphafilter */,
			);
		};
/* End PBXProject section */

/* Begin PBXSourcesBuildPhase section */
		8DD76F640486A84900D96B5E /* Sources */ = {
			isa = PBXSourcesBuildPhase;
			buildActionMask = 2147483647;
			files = (
				135994611051581000D64F58 /* alphafilter.c in Sources */,
				135994621051581000D64F58 /* client.c in Sources */,
				135994631051581000D64F58 /* evil.c in Sources */,
				135994641051581000D64F58 /* filter_skeleton.c in Sources */,
				13A2E064109463AB00090AA9 /* association_relay.c in Sources */,
				13A2E069109464B800090AA9 /* association_relay_alpha_n.c in Sources */,
				136B24181094696A004EAA06 /* association_relay_alpha_m.c in Sources */,
				136B241B10946978004EAA06 /* association_relay_alpha_c.c in Sources */,
				136B242010946B41004EAA06 /* association_relay_alpha_z.c in Sources */,
			);
			runOnlyForDeploymentPostprocessing = 0;
		};
/* End PBXSourcesBuildPhase section */

/* Begin XCBuildConfiguration section */
		1DEB923208733DC60010E9CD /* Debug */ = {
			isa = XCBuildConfiguration;
			buildSettings = {
				ALWAYS_SEARCH_USER_PATHS = NO;
				COPY_PHASE_STRIP = NO;
				GCC_DYNAMIC_NO_PIC = NO;
				GCC_ENABLE_FIX_AND_CONTINUE = YES;
				GCC_MODEL_TUNING = G5;
				GCC_OPTIMIZATION_LEVEL = 0;
				GCC_PREPROCESSOR_DEFINITIONS = (
					"_GLIBCXX_DEBUG=1",
					"_GLIBCXX_DEBUG_PEDANTIC=1",
				);
				INSTALL_PATH = /usr/local/bin;
				PRODUCT_NAME = alphafilter;
			};
			name = Debug;
		};
		1DEB923308733DC60010E9CD /* Release */ = {
			isa = XCBuildConfiguration;
			buildSettings = {
				ALWAYS_SEARCH_USER_PATHS = NO;
				DEBUG_INFORMATION_FORMAT = "dwarf-with-dsym";
				GCC_MODEL_TUNING = G5;
				INSTALL_PATH = /usr/local/bin;
				PRODUCT_NAME = alphafilter;
			};
			name = Release;
		};
		1DEB923608733DC60010E9CD /* Debug */ = {
			isa = XCBuildConfiguration;
			buildSettings = {
				ARCHS = "$(ARCHS_STANDARD_32_BIT)";
				GCC_C_LANGUAGE_STANDARD = c99;
				GCC_OPTIMIZATION_LEVEL = 0;
				GCC_WARN_ABOUT_RETURN_TYPE = YES;
				GCC_WARN_UNUSED_VARIABLE = YES;
				ONLY_ACTIVE_ARCH = YES;
				PREBINDING = NO;
				SDKROOT = macosx10.5;
			};
			name = Debug;
		};
		1DEB923708733DC60010E9CD /* Release */ = {
			isa = XCBuildConfiguration;
			buildSettings = {
				ARCHS = "$(ARCHS_STANDARD_32_BIT)";
				GCC_C_LANGUAGE_STANDARD = c99;
				GCC_WARN_ABOUT_RETURN_TYPE = YES;
				GCC_WARN_UNUSED_VARIABLE = YES;
				PREBINDING = NO;
				SDKROOT = macosx10.5;
			};
			name = Release;
		};
/* End XCBuildConfiguration section */

/* Begin XCConfigurationList section */
		1DEB923108733DC60010E9CD /* Build configuration list for PBXNativeTarget "alphafilter" */ = {
			isa = XCConfigurationList;
			buildConfigurations = (
				1DEB923208733DC60010E9CD /* Debug */,
				1DEB923308733DC60010E9CD /* Release */,
			);
			defaultConfigurationIsVisible = 0;
			defaultConfigurationName = Release;
		};
		1DEB923508733DC60010E9CD /* Build configuration list for PBXProject "alphafilter" */ = {
			isa = XCConfigurationList;
			buildConfigurations = (
				1DEB923608733DC60010E9CD /* Debug */,
				1DEB923708733DC60010E9CD /* Release */,
			);
			defaultConfigurationIsVisible = 0;
			defaultConfigurationName = Release;
		};
/* End XCConfigurationList section */
	};
	rootObject = 08FB7793FE84155DC02AAC07 /* Project object */;
}
